// !$*UTF8*$!
{
	archiveVersion = 1;
	classes = {
	};
	objectVersion = 51;
	objects = {

/* Begin PBXBuildFile section */
		4D8C1E1B3D556F3B033073D2 /* libPods-SRInstagram.a in Frameworks */ = {isa = PBXBuildFile; fileRef = 3E7EC565260F37B120590A43 /* libPods-SRInstagram.a */; };
		75AE92E02B121AC7D1F02681 /* libPods-SRInstagramUITests.a in Frameworks */ = {isa = PBXBuildFile; fileRef = 96194DD0C0E1559AA1BD65EF /* libPods-SRInstagramUITests.a */; };
		79A697A5A2486399840A5CE5 /* libPods-SRInstagramTests.a in Frameworks */ = {isa = PBXBuildFile; fileRef = B3DC4D90C2822CC2858A91EC /* libPods-SRInstagramTests.a */; };
		7B7FA8A522D3FB0800112EC9 /* AppDelegate.m in Sources */ = {isa = PBXBuildFile; fileRef = 7B7FA8A422D3FB0800112EC9 /* AppDelegate.m */; };
		7B7FA8AB22D3FB0800112EC9 /* Main.storyboard in Resources */ = {isa = PBXBuildFile; fileRef = 7B7FA8A922D3FB0800112EC9 /* Main.storyboard */; };
		7B7FA8AD22D3FB0900112EC9 /* Assets.xcassets in Resources */ = {isa = PBXBuildFile; fileRef = 7B7FA8AC22D3FB0900112EC9 /* Assets.xcassets */; };
		7B7FA8B022D3FB0900112EC9 /* LaunchScreen.storyboard in Resources */ = {isa = PBXBuildFile; fileRef = 7B7FA8AE22D3FB0900112EC9 /* LaunchScreen.storyboard */; };
		7B7FA8B322D3FB0900112EC9 /* main.m in Sources */ = {isa = PBXBuildFile; fileRef = 7B7FA8B222D3FB0900112EC9 /* main.m */; };
		7B7FA8BD22D3FB0900112EC9 /* SRInstagramTests.m in Sources */ = {isa = PBXBuildFile; fileRef = 7B7FA8BC22D3FB0900112EC9 /* SRInstagramTests.m */; };
		7B7FA8C822D3FB0900112EC9 /* SRInstagramUITests.m in Sources */ = {isa = PBXBuildFile; fileRef = 7B7FA8C722D3FB0900112EC9 /* SRInstagramUITests.m */; };
		7BDBDE3322D40FF8002C983D /* LoginViewController.m in Sources */ = {isa = PBXBuildFile; fileRef = 7BDBDE3222D40FF8002C983D /* LoginViewController.m */; };
		7BDBDE3622D41310002C983D /* SignUpViewController.m in Sources */ = {isa = PBXBuildFile; fileRef = 7BDBDE3522D41310002C983D /* SignUpViewController.m */; };
/* End PBXBuildFile section */

/* Begin PBXContainerItemProxy section */
		7B7FA8B922D3FB0900112EC9 /* PBXContainerItemProxy */ = {
			isa = PBXContainerItemProxy;
			containerPortal = 7B7FA89822D3FB0800112EC9 /* Project object */;
			proxyType = 1;
			remoteGlobalIDString = 7B7FA89F22D3FB0800112EC9;
			remoteInfo = SRInstagram;
		};
		7B7FA8C422D3FB0900112EC9 /* PBXContainerItemProxy */ = {
			isa = PBXContainerItemProxy;
			containerPortal = 7B7FA89822D3FB0800112EC9 /* Project object */;
			proxyType = 1;
			remoteGlobalIDString = 7B7FA89F22D3FB0800112EC9;
			remoteInfo = SRInstagram;
		};
/* End PBXContainerItemProxy section */

/* Begin PBXFileReference section */
		0018C0D8B9DFC3245ED8DADE /* Pods-SRInstagramUITests.debug.xcconfig */ = {isa = PBXFileReference; includeInIndex = 1; lastKnownFileType = text.xcconfig; name = "Pods-SRInstagramUITests.debug.xcconfig"; path = "Target Support Files/Pods-SRInstagramUITests/Pods-SRInstagramUITests.debug.xcconfig"; sourceTree = "<group>"; };
		3E7EC565260F37B120590A43 /* libPods-SRInstagram.a */ = {isa = PBXFileReference; explicitFileType = archive.ar; includeInIndex = 0; path = "libPods-SRInstagram.a"; sourceTree = BUILT_PRODUCTS_DIR; };
		55D58B7FBAF9CF3A43FBD5FA /* Pods-SRInstagramTests.debug.xcconfig */ = {isa = PBXFileReference; includeInIndex = 1; lastKnownFileType = text.xcconfig; name = "Pods-SRInstagramTests.debug.xcconfig"; path = "Target Support Files/Pods-SRInstagramTests/Pods-SRInstagramTests.debug.xcconfig"; sourceTree = "<group>"; };
		6480F9214FD35C3B8FFFA2C3 /* Pods-SRInstagramUITests.release.xcconfig */ = {isa = PBXFileReference; includeInIndex = 1; lastKnownFileType = text.xcconfig; name = "Pods-SRInstagramUITests.release.xcconfig"; path = "Target Support Files/Pods-SRInstagramUITests/Pods-SRInstagramUITests.release.xcconfig"; sourceTree = "<group>"; };
		7B7FA8A022D3FB0800112EC9 /* SRInstagram.app */ = {isa = PBXFileReference; explicitFileType = wrapper.application; includeInIndex = 0; path = SRInstagram.app; sourceTree = BUILT_PRODUCTS_DIR; };
		7B7FA8A322D3FB0800112EC9 /* AppDelegate.h */ = {isa = PBXFileReference; lastKnownFileType = sourcecode.c.h; path = AppDelegate.h; sourceTree = "<group>"; };
		7B7FA8A422D3FB0800112EC9 /* AppDelegate.m */ = {isa = PBXFileReference; lastKnownFileType = sourcecode.c.objc; path = AppDelegate.m; sourceTree = "<group>"; };
		7B7FA8AA22D3FB0800112EC9 /* Base */ = {isa = PBXFileReference; lastKnownFileType = file.storyboard; name = Base; path = Base.lproj/Main.storyboard; sourceTree = "<group>"; };
		7B7FA8AC22D3FB0900112EC9 /* Assets.xcassets */ = {isa = PBXFileReference; lastKnownFileType = folder.assetcatalog; path = Assets.xcassets; sourceTree = "<group>"; };
		7B7FA8AF22D3FB0900112EC9 /* Base */ = {isa = PBXFileReference; lastKnownFileType = file.storyboard; name = Base; path = Base.lproj/LaunchScreen.storyboard; sourceTree = "<group>"; };
		7B7FA8B122D3FB0900112EC9 /* Info.plist */ = {isa = PBXFileReference; lastKnownFileType = text.plist.xml; path = Info.plist; sourceTree = "<group>"; };
		7B7FA8B222D3FB0900112EC9 /* main.m */ = {isa = PBXFileReference; lastKnownFileType = sourcecode.c.objc; path = main.m; sourceTree = "<group>"; };
		7B7FA8B822D3FB0900112EC9 /* SRInstagramTests.xctest */ = {isa = PBXFileReference; explicitFileType = wrapper.cfbundle; includeInIndex = 0; path = SRInstagramTests.xctest; sourceTree = BUILT_PRODUCTS_DIR; };
		7B7FA8BC22D3FB0900112EC9 /* SRInstagramTests.m */ = {isa = PBXFileReference; lastKnownFileType = sourcecode.c.objc; path = SRInstagramTests.m; sourceTree = "<group>"; };
		7B7FA8BE22D3FB0900112EC9 /* Info.plist */ = {isa = PBXFileReference; lastKnownFileType = text.plist.xml; path = Info.plist; sourceTree = "<group>"; };
		7B7FA8C322D3FB0900112EC9 /* SRInstagramUITests.xctest */ = {isa = PBXFileReference; explicitFileType = wrapper.cfbundle; includeInIndex = 0; path = SRInstagramUITests.xctest; sourceTree = BUILT_PRODUCTS_DIR; };
		7B7FA8C722D3FB0900112EC9 /* SRInstagramUITests.m */ = {isa = PBXFileReference; lastKnownFileType = sourcecode.c.objc; path = SRInstagramUITests.m; sourceTree = "<group>"; };
		7B7FA8C922D3FB0900112EC9 /* Info.plist */ = {isa = PBXFileReference; lastKnownFileType = text.plist.xml; path = Info.plist; sourceTree = "<group>"; };
		7BDBDE3122D40FF8002C983D /* LoginViewController.h */ = {isa = PBXFileReference; lastKnownFileType = sourcecode.c.h; path = LoginViewController.h; sourceTree = "<group>"; };
		7BDBDE3222D40FF8002C983D /* LoginViewController.m */ = {isa = PBXFileReference; lastKnownFileType = sourcecode.c.objc; path = LoginViewController.m; sourceTree = "<group>"; };
		7BDBDE3422D41310002C983D /* SignUpViewController.h */ = {isa = PBXFileReference; lastKnownFileType = sourcecode.c.h; path = SignUpViewController.h; sourceTree = "<group>"; };
		7BDBDE3522D41310002C983D /* SignUpViewController.m */ = {isa = PBXFileReference; lastKnownFileType = sourcecode.c.objc; path = SignUpViewController.m; sourceTree = "<group>"; };
		882ADDC39D6E834D0F5476F5 /* Pods-SRInstagram.release.xcconfig */ = {isa = PBXFileReference; includeInIndex = 1; lastKnownFileType = text.xcconfig; name = "Pods-SRInstagram.release.xcconfig"; path = "Target Support Files/Pods-SRInstagram/Pods-SRInstagram.release.xcconfig"; sourceTree = "<group>"; };
		96194DD0C0E1559AA1BD65EF /* libPods-SRInstagramUITests.a */ = {isa = PBXFileReference; explicitFileType = archive.ar; includeInIndex = 0; path = "libPods-SRInstagramUITests.a"; sourceTree = BUILT_PRODUCTS_DIR; };
		B3DC4D90C2822CC2858A91EC /* libPods-SRInstagramTests.a */ = {isa = PBXFileReference; explicitFileType = archive.ar; includeInIndex = 0; path = "libPods-SRInstagramTests.a"; sourceTree = BUILT_PRODUCTS_DIR; };
		BF8BF2C89E46EDDFC4480F37 /* Pods-SRInstagramTests.release.xcconfig */ = {isa = PBXFileReference; includeInIndex = 1; lastKnownFileType = text.xcconfig; name = "Pods-SRInstagramTests.release.xcconfig"; path = "Target Support Files/Pods-SRInstagramTests/Pods-SRInstagramTests.release.xcconfig"; sourceTree = "<group>"; };
		F38A84912CEA2D7CBFA12426 /* Pods-SRInstagram.debug.xcconfig */ = {isa = PBXFileReference; includeInIndex = 1; lastKnownFileType = text.xcconfig; name = "Pods-SRInstagram.debug.xcconfig"; path = "Target Support Files/Pods-SRInstagram/Pods-SRInstagram.debug.xcconfig"; sourceTree = "<group>"; };
/* End PBXFileReference section */

/* Begin PBXFrameworksBuildPhase section */
		7B7FA89D22D3FB0800112EC9 /* Frameworks */ = {
			isa = PBXFrameworksBuildPhase;
			buildActionMask = 2147483647;
			files = (
				4D8C1E1B3D556F3B033073D2 /* libPods-SRInstagram.a in Frameworks */,
			);
			runOnlyForDeploymentPostprocessing = 0;
		};
		7B7FA8B522D3FB0900112EC9 /* Frameworks */ = {
			isa = PBXFrameworksBuildPhase;
			buildActionMask = 2147483647;
			files = (
				79A697A5A2486399840A5CE5 /* libPods-SRInstagramTests.a in Frameworks */,
			);
			runOnlyForDeploymentPostprocessing = 0;
		};
		7B7FA8C022D3FB0900112EC9 /* Frameworks */ = {
			isa = PBXFrameworksBuildPhase;
			buildActionMask = 2147483647;
			files = (
				75AE92E02B121AC7D1F02681 /* libPods-SRInstagramUITests.a in Frameworks */,
			);
			runOnlyForDeploymentPostprocessing = 0;
		};
/* End PBXFrameworksBuildPhase section */

/* Begin PBXGroup section */
		22E2DA8A1DA6DF897AFAADF4 /* Pods */ = {
			isa = PBXGroup;
			children = (
				F38A84912CEA2D7CBFA12426 /* Pods-SRInstagram.debug.xcconfig */,
				882ADDC39D6E834D0F5476F5 /* Pods-SRInstagram.release.xcconfig */,
				55D58B7FBAF9CF3A43FBD5FA /* Pods-SRInstagramTests.debug.xcconfig */,
				BF8BF2C89E46EDDFC4480F37 /* Pods-SRInstagramTests.release.xcconfig */,
				0018C0D8B9DFC3245ED8DADE /* Pods-SRInstagramUITests.debug.xcconfig */,
				6480F9214FD35C3B8FFFA2C3 /* Pods-SRInstagramUITests.release.xcconfig */,
			);
			path = Pods;
			sourceTree = "<group>";
		};
		7B7FA89722D3FB0800112EC9 = {
			isa = PBXGroup;
			children = (
				7B7FA8A222D3FB0800112EC9 /* SRInstagram */,
				7B7FA8BB22D3FB0900112EC9 /* SRInstagramTests */,
				7B7FA8C622D3FB0900112EC9 /* SRInstagramUITests */,
				7B7FA8A122D3FB0800112EC9 /* Products */,
				22E2DA8A1DA6DF897AFAADF4 /* Pods */,
				7CA40A9CE96EAEA8844850E1 /* Frameworks */,
			);
			sourceTree = "<group>";
		};
		7B7FA8A122D3FB0800112EC9 /* Products */ = {
			isa = PBXGroup;
			children = (
				7B7FA8A022D3FB0800112EC9 /* SRInstagram.app */,
				7B7FA8B822D3FB0900112EC9 /* SRInstagramTests.xctest */,
				7B7FA8C322D3FB0900112EC9 /* SRInstagramUITests.xctest */,
			);
			name = Products;
			sourceTree = "<group>";
		};
		7B7FA8A222D3FB0800112EC9 /* SRInstagram */ = {
			isa = PBXGroup;
			children = (
				7BDBDE2D22D40BE5002C983D /* View Controllers */,
				7B7FA8A322D3FB0800112EC9 /* AppDelegate.h */,
				7B7FA8A422D3FB0800112EC9 /* AppDelegate.m */,
				7B7FA8A922D3FB0800112EC9 /* Main.storyboard */,
				7B7FA8AC22D3FB0900112EC9 /* Assets.xcassets */,
				7B7FA8AE22D3FB0900112EC9 /* LaunchScreen.storyboard */,
				7B7FA8B122D3FB0900112EC9 /* Info.plist */,
				7B7FA8B222D3FB0900112EC9 /* main.m */,
			);
			path = SRInstagram;
			sourceTree = "<group>";
		};
		7B7FA8BB22D3FB0900112EC9 /* SRInstagramTests */ = {
			isa = PBXGroup;
			children = (
				7B7FA8BC22D3FB0900112EC9 /* SRInstagramTests.m */,
				7B7FA8BE22D3FB0900112EC9 /* Info.plist */,
			);
			path = SRInstagramTests;
			sourceTree = "<group>";
		};
		7B7FA8C622D3FB0900112EC9 /* SRInstagramUITests */ = {
			isa = PBXGroup;
			children = (
				7B7FA8C722D3FB0900112EC9 /* SRInstagramUITests.m */,
				7B7FA8C922D3FB0900112EC9 /* Info.plist */,
			);
			path = SRInstagramUITests;
			sourceTree = "<group>";
		};
		7BDBDE2D22D40BE5002C983D /* View Controllers */ = {
			isa = PBXGroup;
			children = (
				7BDBDE3122D40FF8002C983D /* LoginViewController.h */,
				7BDBDE3222D40FF8002C983D /* LoginViewController.m */,
				7BDBDE3422D41310002C983D /* SignUpViewController.h */,
				7BDBDE3522D41310002C983D /* SignUpViewController.m */,
			);
			path = "View Controllers";
			sourceTree = "<group>";
		};
		7CA40A9CE96EAEA8844850E1 /* Frameworks */ = {
			isa = PBXGroup;
			children = (
				3E7EC565260F37B120590A43 /* libPods-SRInstagram.a */,
				B3DC4D90C2822CC2858A91EC /* libPods-SRInstagramTests.a */,
				96194DD0C0E1559AA1BD65EF /* libPods-SRInstagramUITests.a */,
			);
			name = Frameworks;
			sourceTree = "<group>";
		};
/* End PBXGroup section */

/* Begin PBXNativeTarget section */
		7B7FA89F22D3FB0800112EC9 /* SRInstagram */ = {
			isa = PBXNativeTarget;
			buildConfigurationList = 7B7FA8CC22D3FB0900112EC9 /* Build configuration list for PBXNativeTarget "SRInstagram" */;
			buildPhases = (
				7256691F096C30A6C4B12A35 /* [CP] Check Pods Manifest.lock */,
				7B7FA89C22D3FB0800112EC9 /* Sources */,
				7B7FA89D22D3FB0800112EC9 /* Frameworks */,
				7B7FA89E22D3FB0800112EC9 /* Resources */,
				ACE100D6CE7DDB270A1B3BE0 /* [CP] Copy Pods Resources */,
			);
			buildRules = (
			);
			dependencies = (
			);
			name = SRInstagram;
			productName = SRInstagram;
			productReference = 7B7FA8A022D3FB0800112EC9 /* SRInstagram.app */;
			productType = "com.apple.product-type.application";
		};
		7B7FA8B722D3FB0900112EC9 /* SRInstagramTests */ = {
			isa = PBXNativeTarget;
			buildConfigurationList = 7B7FA8CF22D3FB0900112EC9 /* Build configuration list for PBXNativeTarget "SRInstagramTests" */;
			buildPhases = (
				D26AC7C230089AFE9DF2A3AC /* [CP] Check Pods Manifest.lock */,
				7B7FA8B422D3FB0900112EC9 /* Sources */,
				7B7FA8B522D3FB0900112EC9 /* Frameworks */,
				7B7FA8B622D3FB0900112EC9 /* Resources */,
			);
			buildRules = (
			);
			dependencies = (
				7B7FA8BA22D3FB0900112EC9 /* PBXTargetDependency */,
			);
			name = SRInstagramTests;
			productName = SRInstagramTests;
			productReference = 7B7FA8B822D3FB0900112EC9 /* SRInstagramTests.xctest */;
			productType = "com.apple.product-type.bundle.unit-test";
		};
		7B7FA8C222D3FB0900112EC9 /* SRInstagramUITests */ = {
			isa = PBXNativeTarget;
			buildConfigurationList = 7B7FA8D222D3FB0900112EC9 /* Build configuration list for PBXNativeTarget "SRInstagramUITests" */;
			buildPhases = (
				DC7B06B317FC5DDEFBDA659D /* [CP] Check Pods Manifest.lock */,
				7B7FA8BF22D3FB0900112EC9 /* Sources */,
				7B7FA8C022D3FB0900112EC9 /* Frameworks */,
				7B7FA8C122D3FB0900112EC9 /* Resources */,
			);
			buildRules = (
			);
			dependencies = (
				7B7FA8C522D3FB0900112EC9 /* PBXTargetDependency */,
			);
			name = SRInstagramUITests;
			productName = SRInstagramUITests;
			productReference = 7B7FA8C322D3FB0900112EC9 /* SRInstagramUITests.xctest */;
			productType = "com.apple.product-type.bundle.ui-testing";
		};
/* End PBXNativeTarget section */

/* Begin PBXProject section */
		7B7FA89822D3FB0800112EC9 /* Project object */ = {
			isa = PBXProject;
			attributes = {
				LastUpgradeCheck = 1020;
				ORGANIZATIONNAME = sroman98;
				TargetAttributes = {
					7B7FA89F22D3FB0800112EC9 = {
						CreatedOnToolsVersion = 10.2.1;
					};
					7B7FA8B722D3FB0900112EC9 = {
						CreatedOnToolsVersion = 10.2.1;
						TestTargetID = 7B7FA89F22D3FB0800112EC9;
					};
					7B7FA8C222D3FB0900112EC9 = {
						CreatedOnToolsVersion = 10.2.1;
						TestTargetID = 7B7FA89F22D3FB0800112EC9;
					};
				};
			};
			buildConfigurationList = 7B7FA89B22D3FB0800112EC9 /* Build configuration list for PBXProject "SRInstagram" */;
			compatibilityVersion = "Xcode 9.3";
			developmentRegion = en;
			hasScannedForEncodings = 0;
			knownRegions = (
				en,
				Base,
			);
			mainGroup = 7B7FA89722D3FB0800112EC9;
			productRefGroup = 7B7FA8A122D3FB0800112EC9 /* Products */;
			projectDirPath = "";
			projectRoot = "";
			targets = (
				7B7FA89F22D3FB0800112EC9 /* SRInstagram */,
				7B7FA8B722D3FB0900112EC9 /* SRInstagramTests */,
				7B7FA8C222D3FB0900112EC9 /* SRInstagramUITests */,
			);
		};
/* End PBXProject section */

/* Begin PBXResourcesBuildPhase section */
		7B7FA89E22D3FB0800112EC9 /* Resources */ = {
			isa = PBXResourcesBuildPhase;
			buildActionMask = 2147483647;
			files = (
				7B7FA8B022D3FB0900112EC9 /* LaunchScreen.storyboard in Resources */,
				7B7FA8AD22D3FB0900112EC9 /* Assets.xcassets in Resources */,
				7B7FA8AB22D3FB0800112EC9 /* Main.storyboard in Resources */,
			);
			runOnlyForDeploymentPostprocessing = 0;
		};
		7B7FA8B622D3FB0900112EC9 /* Resources */ = {
			isa = PBXResourcesBuildPhase;
			buildActionMask = 2147483647;
			files = (
			);
			runOnlyForDeploymentPostprocessing = 0;
		};
		7B7FA8C122D3FB0900112EC9 /* Resources */ = {
			isa = PBXResourcesBuildPhase;
			buildActionMask = 2147483647;
			files = (
			);
			runOnlyForDeploymentPostprocessing = 0;
		};
/* End PBXResourcesBuildPhase section */

/* Begin PBXShellScriptBuildPhase section */
		7256691F096C30A6C4B12A35 /* [CP] Check Pods Manifest.lock */ = {
			isa = PBXShellScriptBuildPhase;
			buildActionMask = 2147483647;
			files = (
			);
			inputFileListPaths = (
			);
			inputPaths = (
				"${PODS_PODFILE_DIR_PATH}/Podfile.lock",
				"${PODS_ROOT}/Manifest.lock",
			);
			name = "[CP] Check Pods Manifest.lock";
			outputFileListPaths = (
			);
			outputPaths = (
				"$(DERIVED_FILE_DIR)/Pods-SRInstagram-checkManifestLockResult.txt",
			);
			runOnlyForDeploymentPostprocessing = 0;
			shellPath = /bin/sh;
			shellScript = "diff \"${PODS_PODFILE_DIR_PATH}/Podfile.lock\" \"${PODS_ROOT}/Manifest.lock\" > /dev/null\nif [ $? != 0 ] ; then\n    # print error to STDERR\n    echo \"error: The sandbox is not in sync with the Podfile.lock. Run 'pod install' or update your CocoaPods installation.\" >&2\n    exit 1\nfi\n# This output is used by Xcode 'outputs' to avoid re-running this script phase.\necho \"SUCCESS\" > \"${SCRIPT_OUTPUT_FILE_0}\"\n";
			showEnvVarsInLog = 0;
		};
		ACE100D6CE7DDB270A1B3BE0 /* [CP] Copy Pods Resources */ = {
			isa = PBXShellScriptBuildPhase;
			buildActionMask = 2147483647;
			files = (
			);
			inputFileListPaths = (
				"${PODS_ROOT}/Target Support Files/Pods-SRInstagram/Pods-SRInstagram-resources-${CONFIGURATION}-input-files.xcfilelist",
			);
			name = "[CP] Copy Pods Resources";
			outputFileListPaths = (
				"${PODS_ROOT}/Target Support Files/Pods-SRInstagram/Pods-SRInstagram-resources-${CONFIGURATION}-output-files.xcfilelist",
			);
			runOnlyForDeploymentPostprocessing = 0;
			shellPath = /bin/sh;
			shellScript = "\"${PODS_ROOT}/Target Support Files/Pods-SRInstagram/Pods-SRInstagram-resources.sh\"\n";
			showEnvVarsInLog = 0;
		};
		D26AC7C230089AFE9DF2A3AC /* [CP] Check Pods Manifest.lock */ = {
			isa = PBXShellScriptBuildPhase;
			buildActionMask = 2147483647;
			files = (
			);
			inputFileListPaths = (
			);
			inputPaths = (
				"${PODS_PODFILE_DIR_PATH}/Podfile.lock",
				"${PODS_ROOT}/Manifest.lock",
			);
			name = "[CP] Check Pods Manifest.lock";
			outputFileListPaths = (
			);
			outputPaths = (
				"$(DERIVED_FILE_DIR)/Pods-SRInstagramTests-checkManifestLockResult.txt",
			);
			runOnlyForDeploymentPostprocessing = 0;
			shellPath = /bin/sh;
			shellScript = "diff \"${PODS_PODFILE_DIR_PATH}/Podfile.lock\" \"${PODS_ROOT}/Manifest.lock\" > /dev/null\nif [ $? != 0 ] ; then\n    # print error to STDERR\n    echo \"error: The sandbox is not in sync with the Podfile.lock. Run 'pod install' or update your CocoaPods installation.\" >&2\n    exit 1\nfi\n# This output is used by Xcode 'outputs' to avoid re-running this script phase.\necho \"SUCCESS\" > \"${SCRIPT_OUTPUT_FILE_0}\"\n";
			showEnvVarsInLog = 0;
		};
		DC7B06B317FC5DDEFBDA659D /* [CP] Check Pods Manifest.lock */ = {
			isa = PBXShellScriptBuildPhase;
			buildActionMask = 2147483647;
			files = (
			);
			inputFileListPaths = (
			);
			inputPaths = (
				"${PODS_PODFILE_DIR_PATH}/Podfile.lock",
				"${PODS_ROOT}/Manifest.lock",
			);
			name = "[CP] Check Pods Manifest.lock";
			outputFileListPaths = (
			);
			outputPaths = (
				"$(DERIVED_FILE_DIR)/Pods-SRInstagramUITests-checkManifestLockResult.txt",
			);
			runOnlyForDeploymentPostprocessing = 0;
			shellPath = /bin/sh;
			shellScript = "diff \"${PODS_PODFILE_DIR_PATH}/Podfile.lock\" \"${PODS_ROOT}/Manifest.lock\" > /dev/null\nif [ $? != 0 ] ; then\n    # print error to STDERR\n    echo \"error: The sandbox is not in sync with the Podfile.lock. Run 'pod install' or update your CocoaPods installation.\" >&2\n    exit 1\nfi\n# This output is used by Xcode 'outputs' to avoid re-running this script phase.\necho \"SUCCESS\" > \"${SCRIPT_OUTPUT_FILE_0}\"\n";
			showEnvVarsInLog = 0;
		};
/* End PBXShellScriptBuildPhase section */

/* Begin PBXSourcesBuildPhase section */
		7B7FA89C22D3FB0800112EC9 /* Sources */ = {
			isa = PBXSourcesBuildPhase;
			buildActionMask = 2147483647;
			files = (
				7B7FA8B322D3FB0900112EC9 /* main.m in Sources */,
				7B7FA8A522D3FB0800112EC9 /* AppDelegate.m in Sources */,
				7BDBDE3622D41310002C983D /* SignUpViewController.m in Sources */,
				7BDBDE3322D40FF8002C983D /* LoginViewController.m in Sources */,
			);
			runOnlyForDeploymentPostprocessing = 0;
		};
		7B7FA8B422D3FB0900112EC9 /* Sources */ = {
			isa = PBXSourcesBuildPhase;
			buildActionMask = 2147483647;
			files = (
				7B7FA8BD22D3FB0900112EC9 /* SRInstagramTests.m in Sources */,
			);
			runOnlyForDeploymentPostprocessing = 0;
		};
		7B7FA8BF22D3FB0900112EC9 /* Sources */ = {
			isa = PBXSourcesBuildPhase;
			buildActionMask = 2147483647;
			files = (
				7B7FA8C822D3FB0900112EC9 /* SRInstagramUITests.m in Sources */,
			);
			runOnlyForDeploymentPostprocessing = 0;
		};
/* End PBXSourcesBuildPhase section */

/* Begin PBXTargetDependency section */
		7B7FA8BA22D3FB0900112EC9 /* PBXTargetDependency */ = {
			isa = PBXTargetDependency;
			target = 7B7FA89F22D3FB0800112EC9 /* SRInstagram */;
			targetProxy = 7B7FA8B922D3FB0900112EC9 /* PBXContainerItemProxy */;
		};
		7B7FA8C522D3FB0900112EC9 /* PBXTargetDependency */ = {
			isa = PBXTargetDependency;
			target = 7B7FA89F22D3FB0800112EC9 /* SRInstagram */;
			targetProxy = 7B7FA8C422D3FB0900112EC9 /* PBXContainerItemProxy */;
		};
/* End PBXTargetDependency section */

/* Begin PBXVariantGroup section */
		7B7FA8A922D3FB0800112EC9 /* Main.storyboard */ = {
			isa = PBXVariantGroup;
			children = (
				7B7FA8AA22D3FB0800112EC9 /* Base */,
			);
			name = Main.storyboard;
			sourceTree = "<group>";
		};
		7B7FA8AE22D3FB0900112EC9 /* LaunchScreen.storyboard */ = {
			isa = PBXVariantGroup;
			children = (
				7B7FA8AF22D3FB0900112EC9 /* Base */,
			);
			name = LaunchScreen.storyboard;
			sourceTree = "<group>";
		};
/* End PBXVariantGroup section */

/* Begin XCBuildConfiguration section */
		7B7FA8CA22D3FB0900112EC9 /* Debug */ = {
			isa = XCBuildConfiguration;
			buildSettings = {
				ALWAYS_SEARCH_USER_PATHS = NO;
				CLANG_ANALYZER_NONNULL = YES;
				CLANG_ANALYZER_NUMBER_OBJECT_CONVERSION = YES_AGGRESSIVE;
				CLANG_CXX_LANGUAGE_STANDARD = "gnu++14";
				CLANG_CXX_LIBRARY = "libc++";
				CLANG_ENABLE_MODULES = YES;
				CLANG_ENABLE_OBJC_ARC = YES;
				CLANG_ENABLE_OBJC_WEAK = YES;
				CLANG_WARN_BLOCK_CAPTURE_AUTORELEASING = YES;
				CLANG_WARN_BOOL_CONVERSION = YES;
				CLANG_WARN_COMMA = YES;
				CLANG_WARN_CONSTANT_CONVERSION = YES;
				CLANG_WARN_DEPRECATED_OBJC_IMPLEMENTATIONS = YES;
				CLANG_WARN_DIRECT_OBJC_ISA_USAGE = YES_ERROR;
				CLANG_WARN_DOCUMENTATION_COMMENTS = YES;
				CLANG_WARN_EMPTY_BODY = YES;
				CLANG_WARN_ENUM_CONVERSION = YES;
				CLANG_WARN_INFINITE_RECURSION = YES;
				CLANG_WARN_INT_CONVERSION = YES;
				CLANG_WARN_NON_LITERAL_NULL_CONVERSION = YES;
				CLANG_WARN_OBJC_IMPLICIT_RETAIN_SELF = YES;
				CLANG_WARN_OBJC_LITERAL_CONVERSION = YES;
				CLANG_WARN_OBJC_ROOT_CLASS = YES_ERROR;
				CLANG_WARN_RANGE_LOOP_ANALYSIS = YES;
				CLANG_WARN_STRICT_PROTOTYPES = YES;
				CLANG_WARN_SUSPICIOUS_MOVE = YES;
				CLANG_WARN_UNGUARDED_AVAILABILITY = YES_AGGRESSIVE;
				CLANG_WARN_UNREACHABLE_CODE = YES;
				CLANG_WARN__DUPLICATE_METHOD_MATCH = YES;
				CODE_SIGN_IDENTITY = "iPhone Developer";
				COPY_PHASE_STRIP = NO;
				DEBUG_INFORMATION_FORMAT = dwarf;
				ENABLE_STRICT_OBJC_MSGSEND = YES;
				ENABLE_TESTABILITY = YES;
				GCC_C_LANGUAGE_STANDARD = gnu11;
				GCC_DYNAMIC_NO_PIC = NO;
				GCC_NO_COMMON_BLOCKS = YES;
				GCC_OPTIMIZATION_LEVEL = 0;
				GCC_PREPROCESSOR_DEFINITIONS = (
					"DEBUG=1",
					"$(inherited)",
				);
				GCC_WARN_64_TO_32_BIT_CONVERSION = YES;
				GCC_WARN_ABOUT_RETURN_TYPE = YES_ERROR;
				GCC_WARN_UNDECLARED_SELECTOR = YES;
				GCC_WARN_UNINITIALIZED_AUTOS = YES_AGGRESSIVE;
				GCC_WARN_UNUSED_FUNCTION = YES;
				GCC_WARN_UNUSED_VARIABLE = YES;
				IPHONEOS_DEPLOYMENT_TARGET = 12.2;
				MTL_ENABLE_DEBUG_INFO = INCLUDE_SOURCE;
				MTL_FAST_MATH = YES;
				ONLY_ACTIVE_ARCH = YES;
				SDKROOT = iphoneos;
			};
			name = Debug;
		};
		7B7FA8CB22D3FB0900112EC9 /* Release */ = {
			isa = XCBuildConfiguration;
			buildSettings = {
				ALWAYS_SEARCH_USER_PATHS = NO;
				CLANG_ANALYZER_NONNULL = YES;
				CLANG_ANALYZER_NUMBER_OBJECT_CONVERSION = YES_AGGRESSIVE;
				CLANG_CXX_LANGUAGE_STANDARD = "gnu++14";
				CLANG_CXX_LIBRARY = "libc++";
				CLANG_ENABLE_MODULES = YES;
				CLANG_ENABLE_OBJC_ARC = YES;
				CLANG_ENABLE_OBJC_WEAK = YES;
				CLANG_WARN_BLOCK_CAPTURE_AUTORELEASING = YES;
				CLANG_WARN_BOOL_CONVERSION = YES;
				CLANG_WARN_COMMA = YES;
				CLANG_WARN_CONSTANT_CONVERSION = YES;
				CLANG_WARN_DEPRECATED_OBJC_IMPLEMENTATIONS = YES;
				CLANG_WARN_DIRECT_OBJC_ISA_USAGE = YES_ERROR;
				CLANG_WARN_DOCUMENTATION_COMMENTS = YES;
				CLANG_WARN_EMPTY_BODY = YES;
				CLANG_WARN_ENUM_CONVERSION = YES;
				CLANG_WARN_INFINITE_RECURSION = YES;
				CLANG_WARN_INT_CONVERSION = YES;
				CLANG_WARN_NON_LITERAL_NULL_CONVERSION = YES;
				CLANG_WARN_OBJC_IMPLICIT_RETAIN_SELF = YES;
				CLANG_WARN_OBJC_LITERAL_CONVERSION = YES;
				CLANG_WARN_OBJC_ROOT_CLASS = YES_ERROR;
				CLANG_WARN_RANGE_LOOP_ANALYSIS = YES;
				CLANG_WARN_STRICT_PROTOTYPES = YES;
				CLANG_WARN_SUSPICIOUS_MOVE = YES;
				CLANG_WARN_UNGUARDED_AVAILABILITY = YES_AGGRESSIVE;
				CLANG_WARN_UNREACHABLE_CODE = YES;
				CLANG_WARN__DUPLICATE_METHOD_MATCH = YES;
				CODE_SIGN_IDENTITY = "iPhone Developer";
				COPY_PHASE_STRIP = NO;
				DEBUG_INFORMATION_FORMAT = "dwarf-with-dsym";
				ENABLE_NS_ASSERTIONS = NO;
				ENABLE_STRICT_OBJC_MSGSEND = YES;
				GCC_C_LANGUAGE_STANDARD = gnu11;
				GCC_NO_COMMON_BLOCKS = YES;
				GCC_WARN_64_TO_32_BIT_CONVERSION = YES;
				GCC_WARN_ABOUT_RETURN_TYPE = YES_ERROR;
				GCC_WARN_UNDECLARED_SELECTOR = YES;
				GCC_WARN_UNINITIALIZED_AUTOS = YES_AGGRESSIVE;
				GCC_WARN_UNUSED_FUNCTION = YES;
				GCC_WARN_UNUSED_VARIABLE = YES;
				IPHONEOS_DEPLOYMENT_TARGET = 12.2;
				MTL_ENABLE_DEBUG_INFO = NO;
				MTL_FAST_MATH = YES;
				SDKROOT = iphoneos;
				VALIDATE_PRODUCT = YES;
			};
			name = Release;
		};
		7B7FA8CD22D3FB0900112EC9 /* Debug */ = {
			isa = XCBuildConfiguration;
			baseConfigurationReference = F38A84912CEA2D7CBFA12426 /* Pods-SRInstagram.debug.xcconfig */;
			buildSettings = {
				ASSETCATALOG_COMPILER_APPICON_NAME = AppIcon;
				CODE_SIGN_STYLE = Automatic;
				DEVELOPMENT_TEAM = 6DS64ZKFJ4;
				INFOPLIST_FILE = SRInstagram/Info.plist;
				LD_RUNPATH_SEARCH_PATHS = (
					"$(inherited)",
					"@executable_path/Frameworks",
				);
				PRODUCT_BUNDLE_IDENTIFIER = com.sroman98.SRInstagram;
				PRODUCT_NAME = "$(TARGET_NAME)";
				TARGETED_DEVICE_FAMILY = "1,2";
			};
			name = Debug;
		};
		7B7FA8CE22D3FB0900112EC9 /* Release */ = {
			isa = XCBuildConfiguration;
			baseConfigurationReference = 882ADDC39D6E834D0F5476F5 /* Pods-SRInstagram.release.xcconfig */;
			buildSettings = {
				ASSETCATALOG_COMPILER_APPICON_NAME = AppIcon;
				CODE_SIGN_STYLE = Automatic;
				DEVELOPMENT_TEAM = 6DS64ZKFJ4;
				INFOPLIST_FILE = SRInstagram/Info.plist;
				LD_RUNPATH_SEARCH_PATHS = (
					"$(inherited)",
					"@executable_path/Frameworks",
				);
				PRODUCT_BUNDLE_IDENTIFIER = com.sroman98.SRInstagram;
				PRODUCT_NAME = "$(TARGET_NAME)";
				TARGETED_DEVICE_FAMILY = "1,2";
			};
			name = Release;
		};
		7B7FA8D022D3FB0900112EC9 /* Debug */ = {
			isa = XCBuildConfiguration;
			baseConfigurationReference = 55D58B7FBAF9CF3A43FBD5FA /* Pods-SRInstagramTests.debug.xcconfig */;
			buildSettings = {
				BUNDLE_LOADER = "$(TEST_HOST)";
				CODE_SIGN_STYLE = Automatic;
				DEVELOPMENT_TEAM = 6DS64ZKFJ4;
				INFOPLIST_FILE = SRInstagramTests/Info.plist;
				LD_RUNPATH_SEARCH_PATHS = (
					"$(inherited)",
					"@executable_path/Frameworks",
					"@loader_path/Frameworks",
				);
				PRODUCT_BUNDLE_IDENTIFIER = com.sroman98.SRInstagramTests;
				PRODUCT_NAME = "$(TARGET_NAME)";
				TARGETED_DEVICE_FAMILY = "1,2";
				TEST_HOST = "$(BUILT_PRODUCTS_DIR)/SRInstagram.app/SRInstagram";
			};
			name = Debug;
		};
		7B7FA8D122D3FB0900112EC9 /* Release */ = {
			isa = XCBuildConfiguration;
			baseConfigurationReference = BF8BF2C89E46EDDFC4480F37 /* Pods-SRInstagramTests.release.xcconfig */;
			buildSettings = {
				BUNDLE_LOADER = "$(TEST_HOST)";
				CODE_SIGN_STYLE = Automatic;
				DEVELOPMENT_TEAM = 6DS64ZKFJ4;
				INFOPLIST_FILE = SRInstagramTests/Info.plist;
				LD_RUNPATH_SEARCH_PATHS = (
					"$(inherited)",
					"@executable_path/Frameworks",
					"@loader_path/Frameworks",
				);
				PRODUCT_BUNDLE_IDENTIFIER = com.sroman98.SRInstagramTests;
				PRODUCT_NAME = "$(TARGET_NAME)";
				TARGETED_DEVICE_FAMILY = "1,2";
				TEST_HOST = "$(BUILT_PRODUCTS_DIR)/SRInstagram.app/SRInstagram";
			};
			name = Release;
		};
		7B7FA8D322D3FB0900112EC9 /* Debug */ = {
			isa = XCBuildConfiguration;
			baseConfigurationReference = 0018C0D8B9DFC3245ED8DADE /* Pods-SRInstagramUITests.debug.xcconfig */;
			buildSettings = {
				CODE_SIGN_STYLE = Automatic;
				DEVELOPMENT_TEAM = 6DS64ZKFJ4;
				INFOPLIST_FILE = SRInstagramUITests/Info.plist;
				LD_RUNPATH_SEARCH_PATHS = (
					"$(inherited)",
					"@executable_path/Frameworks",
					"@loader_path/Frameworks",
				);
				PRODUCT_BUNDLE_IDENTIFIER = com.sroman98.SRInstagramUITests;
				PRODUCT_NAME = "$(TARGET_NAME)";
				TARGETED_DEVICE_FAMILY = "1,2";
				TEST_TARGET_NAME = SRInstagram;
			};
			name = Debug;
		};
		7B7FA8D422D3FB0900112EC9 /* Release */ = {
			isa = XCBuildConfiguration;
			baseConfigurationReference = 6480F9214FD35C3B8FFFA2C3 /* Pods-SRInstagramUITests.release.xcconfig */;
			buildSettings = {
				CODE_SIGN_STYLE = Automatic;
				DEVELOPMENT_TEAM = 6DS64ZKFJ4;
				INFOPLIST_FILE = SRInstagramUITests/Info.plist;
				LD_RUNPATH_SEARCH_PATHS = (
					"$(inherited)",
					"@executable_path/Frameworks",
					"@loader_path/Frameworks",
				);
				PRODUCT_BUNDLE_IDENTIFIER = com.sroman98.SRInstagramUITests;
				PRODUCT_NAME = "$(TARGET_NAME)";
				TARGETED_DEVICE_FAMILY = "1,2";
				TEST_TARGET_NAME = SRInstagram;
			};
			name = Release;
		};
/* End XCBuildConfiguration section */

/* Begin XCConfigurationList section */
		7B7FA89B22D3FB0800112EC9 /* Build configuration list for PBXProject "SRInstagram" */ = {
			isa = XCConfigurationList;
			buildConfigurations = (
				7B7FA8CA22D3FB0900112EC9 /* Debug */,
				7B7FA8CB22D3FB0900112EC9 /* Release */,
			);
			defaultConfigurationIsVisible = 0;
			defaultConfigurationName = Release;
		};
		7B7FA8CC22D3FB0900112EC9 /* Build configuration list for PBXNativeTarget "SRInstagram" */ = {
			isa = XCConfigurationList;
			buildConfigurations = (
				7B7FA8CD22D3FB0900112EC9 /* Debug */,
				7B7FA8CE22D3FB0900112EC9 /* Release */,
			);
			defaultConfigurationIsVisible = 0;
			defaultConfigurationName = Release;
		};
		7B7FA8CF22D3FB0900112EC9 /* Build configuration list for PBXNativeTarget "SRInstagramTests" */ = {
			isa = XCConfigurationList;
			buildConfigurations = (
				7B7FA8D022D3FB0900112EC9 /* Debug */,
				7B7FA8D122D3FB0900112EC9 /* Release */,
			);
			defaultConfigurationIsVisible = 0;
			defaultConfigurationName = Release;
		};
		7B7FA8D222D3FB0900112EC9 /* Build configuration list for PBXNativeTarget "SRInstagramUITests" */ = {
			isa = XCConfigurationList;
			buildConfigurations = (
				7B7FA8D322D3FB0900112EC9 /* Debug */,
				7B7FA8D422D3FB0900112EC9 /* Release */,
			);
			defaultConfigurationIsVisible = 0;
			defaultConfigurationName = Release;
		};
/* End XCConfigurationList section */
	};
	rootObject = 7B7FA89822D3FB0800112EC9 /* Project object */;
}
